
Microsoft Visual Studio Solution File, Format Version 12.00
# Visual Studio Version 17
VisualStudioVersion = 17.4.33205.214
MinimumVisualStudioVersion = 10.0.40219.1
Project("{FAE04EC0-301F-11D3-BF4B-00C04F79EFBC}") = "Entidades", "Entidades\Entidades.csproj", "{A073D499-1CFA-4550-8DF0-0036ED6A12B2}"
EndProject
Project("{FAE04EC0-301F-11D3-BF4B-00C04F79EFBC}") = "Datos", "Datos\Datos.csproj", "{B8218B43-F65E-4652-8F29-6634769BF66E}"
EndProject
Global
	GlobalSection(SolutionConfigurationPlatforms) = preSolution
		Debug|Any CPU = Debug|Any CPU
		Release|Any CPU = Release|Any CPU
	EndGlobalSection
	GlobalSection(ProjectConfigurationPlatforms) = postSolution
		{A073D499-1CFA-4550-8DF0-0036ED6A12B2}.Debug|Any CPU.ActiveCfg = Debug|Any CPU
		{A073D499-1CFA-4550-8DF0-0036ED6A12B2}.Debug|Any CPU.Build.0 = Debug|Any CPU
		{A073D499-1CFA-4550-8DF0-0036ED6A12B2}.Release|Any CPU.ActiveCfg = Release|Any CPU
		{A073D499-1CFA-4550-8DF0-0036ED6A12B2}.Release|Any CPU.Build.0 = Release|Any CPU
		{B8218B43-F65E-4652-8F29-6634769BF66E}.Debug|Any CPU.ActiveCfg = Debug|Any CPU
		{B8218B43-F65E-4652-8F29-6634769BF66E}.Debug|Any CPU.Build.0 = Debug|Any CPU
		{B8218B43-F65E-4652-8F29-6634769BF66E}.Release|Any CPU.ActiveCfg = Release|Any CPU
		{B8218B43-F65E-4652-8F29-6634769BF66E}.Release|Any CPU.Build.0 = Release|Any CPU
	EndGlobalSection
	GlobalSection(SolutionProperties) = preSolution
		HideSolutionNode = FALSE
	EndGlobalSection
	GlobalSection(ExtensibilityGlobals) = postSolution
		SolutionGuid = {7E212933-AAC3-4E42-A943-13C46838D121}
	EndGlobalSection
EndGlobal
